# @generated by Move, please check-in and do not edit manually.

[move]
version = 0
manifest_digest = "E75B780BED1AABA1FDF28E6FE8E3B2C5459A3C61CAD6F135B449D6F797323B9A"
deps_digest = "F8BBB0CCB2491CA29A3DF03D6F92277A4F3574266507ACD77214D37ECA3F3082"

dependencies = [
  { name = "Sui" },
]

[[move.package]]
name = "MoveStdlib"
source = { local = "../sui-mainnet-v1.17.3/crates/sui-framework/packages/move-stdlib" }

[[move.package]]
name = "Sui"
source = { local = "../sui-mainnet-v1.17.3/crates/sui-framework/packages/sui-framework" }

dependencies = [
  { name = "MoveStdlib" },
]

[move.toolchain-version]
compiler-version = "1.17.3"
edition = "legacy"
flavor = "sui"
